
Microsoft Visual Studio Solution File, Format Version 12.00
# Visual Studio Version 17
VisualStudioVersion = 17.10.34916.146
MinimumVisualStudioVersion = 10.0.40219.1
Project("{FAE04EC0-301F-11D3-BF4B-00C04F79EFBC}") = "SHARSaveGameEditor", "SHARSaveGameEditor\SHARSaveGameEditor.csproj", "{C6D9699E-7B6B-4B37-BBD9-0457D4921667}"
EndProject
Global
	GlobalSection(SolutionConfigurationPlatforms) = preSolution
		Debug|Any CPU = Debug|Any CPU
		Release|Any CPU = Release|Any CPU
	EndGlobalSection
	GlobalSection(ProjectConfigurationPlatforms) = postSolution
		{C6D9699E-7B6B-4B37-BBD9-0457D4921667}.Debug|Any CPU.ActiveCfg = Debug|Any CPU
		{C6D9699E-7B6B-4B37-BBD9-0457D4921667}.Debug|Any CPU.Build.0 = Debug|Any CPU
		{C6D9699E-7B6B-4B37-BBD9-0457D4921667}.Release|Any CPU.ActiveCfg = Release|Any CPU
		{C6D9699E-7B6B-4B37-BBD9-0457D4921667}.Release|Any CPU.Build.0 = Release|Any CPU
	EndGlobalSection
	GlobalSection(SolutionProperties) = preSolution
		HideSolutionNode = FALSE
	EndGlobalSection
	GlobalSection(ExtensibilityGlobals) = postSolution
		SolutionGuid = {3916F8CF-7A87-40CA-9CED-C7DDD86179F6}
	EndGlobalSection
EndGlobal
